
Microsoft Visual Studio Solution File, Format Version 12.00
# Visual Studio Version 17
VisualStudioVersion = 17.1.32421.90
MinimumVisualStudioVersion = 10.0.40219.1
Project("{FAE04EC0-301F-11D3-BF4B-00C04F79EFBC}") = "Dyder.API", "Dyder.API\Dyder.API.csproj", "{40D80468-0378-413D-B894-1D80FD0C69D5}"
EndProject
Global
	GlobalSection(SolutionConfigurationPlatforms) = preSolution
		Debug|Any CPU = Debug|Any CPU
		Release|Any CPU = Release|Any CPU
	EndGlobalSection
	GlobalSection(ProjectConfigurationPlatforms) = postSolution
		{40D80468-0378-413D-B894-1D80FD0C69D5}.Debug|Any CPU.ActiveCfg = Debug|Any CPU
		{40D80468-0378-413D-B894-1D80FD0C69D5}.Debug|Any CPU.Build.0 = Debug|Any CPU
		{40D80468-0378-413D-B894-1D80FD0C69D5}.Release|Any CPU.ActiveCfg = Release|Any CPU
		{40D80468-0378-413D-B894-1D80FD0C69D5}.Release|Any CPU.Build.0 = Release|Any CPU
	EndGlobalSection
	GlobalSection(SolutionProperties) = preSolution
		HideSolutionNode = FALSE
	EndGlobalSection
	GlobalSection(ExtensibilityGlobals) = postSolution
		SolutionGuid = {BA15782A-FA40-4D02-9681-781726B20C34}
	EndGlobalSection
EndGlobal
